
Microsoft Visual Studio Solution File, Format Version 12.00
# Visual Studio Version 17
VisualStudioVersion = 17.6.33815.320
MinimumVisualStudioVersion = 10.0.40219.1
Project("{FAE04EC0-301F-11D3-BF4B-00C04F79EFBC}") = "findMin", "findMin.csproj", "{9E04594B-FB7A-4318-B842-F588298E470D}"
EndProject
Project("{FAE04EC0-301F-11D3-BF4B-00C04F79EFBC}") = "XoaPhanTu", "..\XoaPhanTu\XoaPhanTu.csproj", "{39831FB6-819D-4598-B08B-D2F6CD100D6C}"
EndProject
Project("{FAE04EC0-301F-11D3-BF4B-00C04F79EFBC}") = "DemKiTu", "..\DemKiTu\DemKiTu.csproj", "{DF62B8D0-31B0-4919-B874-558132D5FB9B}"
EndProject
Global
	GlobalSection(SolutionConfigurationPlatforms) = preSolution
		Debug|Any CPU = Debug|Any CPU
		Release|Any CPU = Release|Any CPU
	EndGlobalSection
	GlobalSection(ProjectConfigurationPlatforms) = postSolution
		{9E04594B-FB7A-4318-B842-F588298E470D}.Debug|Any CPU.ActiveCfg = Debug|Any CPU
		{9E04594B-FB7A-4318-B842-F588298E470D}.Debug|Any CPU.Build.0 = Debug|Any CPU
		{9E04594B-FB7A-4318-B842-F588298E470D}.Release|Any CPU.ActiveCfg = Release|Any CPU
		{9E04594B-FB7A-4318-B842-F588298E470D}.Release|Any CPU.Build.0 = Release|Any CPU
		{39831FB6-819D-4598-B08B-D2F6CD100D6C}.Debug|Any CPU.ActiveCfg = Debug|Any CPU
		{39831FB6-819D-4598-B08B-D2F6CD100D6C}.Debug|Any CPU.Build.0 = Debug|Any CPU
		{39831FB6-819D-4598-B08B-D2F6CD100D6C}.Release|Any CPU.ActiveCfg = Release|Any CPU
		{39831FB6-819D-4598-B08B-D2F6CD100D6C}.Release|Any CPU.Build.0 = Release|Any CPU
		{DF62B8D0-31B0-4919-B874-558132D5FB9B}.Debug|Any CPU.ActiveCfg = Debug|Any CPU
		{DF62B8D0-31B0-4919-B874-558132D5FB9B}.Debug|Any CPU.Build.0 = Debug|Any CPU
		{DF62B8D0-31B0-4919-B874-558132D5FB9B}.Release|Any CPU.ActiveCfg = Release|Any CPU
		{DF62B8D0-31B0-4919-B874-558132D5FB9B}.Release|Any CPU.Build.0 = Release|Any CPU
	EndGlobalSection
	GlobalSection(SolutionProperties) = preSolution
		HideSolutionNode = FALSE
	EndGlobalSection
	GlobalSection(ExtensibilityGlobals) = postSolution
		SolutionGuid = {CB471862-F01F-467E-B255-3148E44BAF1C}
	EndGlobalSection
EndGlobal
