
Microsoft Visual Studio Solution File, Format Version 12.00
# Visual Studio Version 17
VisualStudioVersion = 17.6.33815.320
MinimumVisualStudioVersion = 10.0.40219.1
Project("{FAE04EC0-301F-11D3-BF4B-00C04F79EFBC}") = "Body mass index-BMI", "Body mass index-BMI.csproj", "{443F8442-00B7-45C1-B598-FA176760A6CA}"
EndProject
Project("{FAE04EC0-301F-11D3-BF4B-00C04F79EFBC}") = "DocSoNguyen", "..\DocSoNguyen\DocSoNguyen.csproj", "{878D07EA-1AFC-4F6A-826A-43FCDB274566}"
EndProject
Project("{FAE04EC0-301F-11D3-BF4B-00C04F79EFBC}") = "SinhNhat", "..\SinhNhat\SinhNhat.csproj", "{5945402D-FEBA-4262-A957-671BA84233C5}"
EndProject
Project("{FAE04EC0-301F-11D3-BF4B-00C04F79EFBC}") = "Draw", "..\Draw\Draw.csproj", "{8D79438A-69A2-4982-942B-E0E3D90A8E91}"
EndProject
Project("{FAE04EC0-301F-11D3-BF4B-00C04F79EFBC}") = "SoNguyenTo", "..\SoNguyenTo\SoNguyenTo.csproj", "{6104DC71-194E-4AFA-B781-40F9E65CC72A}"
EndProject
Project("{FAE04EC0-301F-11D3-BF4B-00C04F79EFBC}") = "Draw2", "..\Draw2\Draw2.csproj", "{EEB31776-6CFC-45C8-9CF8-777EAE79D465}"
EndProject
Global
	GlobalSection(SolutionConfigurationPlatforms) = preSolution
		Debug|Any CPU = Debug|Any CPU
		Release|Any CPU = Release|Any CPU
	EndGlobalSection
	GlobalSection(ProjectConfigurationPlatforms) = postSolution
		{443F8442-00B7-45C1-B598-FA176760A6CA}.Debug|Any CPU.ActiveCfg = Debug|Any CPU
		{443F8442-00B7-45C1-B598-FA176760A6CA}.Debug|Any CPU.Build.0 = Debug|Any CPU
		{443F8442-00B7-45C1-B598-FA176760A6CA}.Release|Any CPU.ActiveCfg = Release|Any CPU
		{443F8442-00B7-45C1-B598-FA176760A6CA}.Release|Any CPU.Build.0 = Release|Any CPU
		{878D07EA-1AFC-4F6A-826A-43FCDB274566}.Debug|Any CPU.ActiveCfg = Debug|Any CPU
		{878D07EA-1AFC-4F6A-826A-43FCDB274566}.Debug|Any CPU.Build.0 = Debug|Any CPU
		{878D07EA-1AFC-4F6A-826A-43FCDB274566}.Release|Any CPU.ActiveCfg = Release|Any CPU
		{878D07EA-1AFC-4F6A-826A-43FCDB274566}.Release|Any CPU.Build.0 = Release|Any CPU
		{5945402D-FEBA-4262-A957-671BA84233C5}.Debug|Any CPU.ActiveCfg = Debug|Any CPU
		{5945402D-FEBA-4262-A957-671BA84233C5}.Debug|Any CPU.Build.0 = Debug|Any CPU
		{5945402D-FEBA-4262-A957-671BA84233C5}.Release|Any CPU.ActiveCfg = Release|Any CPU
		{5945402D-FEBA-4262-A957-671BA84233C5}.Release|Any CPU.Build.0 = Release|Any CPU
		{8D79438A-69A2-4982-942B-E0E3D90A8E91}.Debug|Any CPU.ActiveCfg = Debug|Any CPU
		{8D79438A-69A2-4982-942B-E0E3D90A8E91}.Debug|Any CPU.Build.0 = Debug|Any CPU
		{8D79438A-69A2-4982-942B-E0E3D90A8E91}.Release|Any CPU.ActiveCfg = Release|Any CPU
		{8D79438A-69A2-4982-942B-E0E3D90A8E91}.Release|Any CPU.Build.0 = Release|Any CPU
		{6104DC71-194E-4AFA-B781-40F9E65CC72A}.Debug|Any CPU.ActiveCfg = Debug|Any CPU
		{6104DC71-194E-4AFA-B781-40F9E65CC72A}.Debug|Any CPU.Build.0 = Debug|Any CPU
		{6104DC71-194E-4AFA-B781-40F9E65CC72A}.Release|Any CPU.ActiveCfg = Release|Any CPU
		{6104DC71-194E-4AFA-B781-40F9E65CC72A}.Release|Any CPU.Build.0 = Release|Any CPU
		{EEB31776-6CFC-45C8-9CF8-777EAE79D465}.Debug|Any CPU.ActiveCfg = Debug|Any CPU
		{EEB31776-6CFC-45C8-9CF8-777EAE79D465}.Debug|Any CPU.Build.0 = Debug|Any CPU
		{EEB31776-6CFC-45C8-9CF8-777EAE79D465}.Release|Any CPU.ActiveCfg = Release|Any CPU
		{EEB31776-6CFC-45C8-9CF8-777EAE79D465}.Release|Any CPU.Build.0 = Release|Any CPU
	EndGlobalSection
	GlobalSection(SolutionProperties) = preSolution
		HideSolutionNode = FALSE
	EndGlobalSection
	GlobalSection(ExtensibilityGlobals) = postSolution
		SolutionGuid = {0C6E7D26-8F1E-4F95-A657-5846D8799F2A}
	EndGlobalSection
EndGlobal
