
Microsoft Visual Studio Solution File, Format Version 12.00
# Visual Studio Version 17
VisualStudioVersion = 17.6.33815.320
MinimumVisualStudioVersion = 10.0.40219.1
Project("{FAE04EC0-301F-11D3-BF4B-00C04F79EFBC}") = "[Thực hành] triển khai interface ‘IComparer’ để so sánh cách lớp hình học", "[Thực hành] triển khai interface ‘IComparer’ để so sánh cách lớp hình học.csproj", "{761CD24F-406A-47A1-91E9-111719A8826E}"
EndProject
Global
	GlobalSection(SolutionConfigurationPlatforms) = preSolution
		Debug|Any CPU = Debug|Any CPU
		Release|Any CPU = Release|Any CPU
	EndGlobalSection
	GlobalSection(ProjectConfigurationPlatforms) = postSolution
		{761CD24F-406A-47A1-91E9-111719A8826E}.Debug|Any CPU.ActiveCfg = Debug|Any CPU
		{761CD24F-406A-47A1-91E9-111719A8826E}.Debug|Any CPU.Build.0 = Debug|Any CPU
		{761CD24F-406A-47A1-91E9-111719A8826E}.Release|Any CPU.ActiveCfg = Release|Any CPU
		{761CD24F-406A-47A1-91E9-111719A8826E}.Release|Any CPU.Build.0 = Release|Any CPU
	EndGlobalSection
	GlobalSection(SolutionProperties) = preSolution
		HideSolutionNode = FALSE
	EndGlobalSection
	GlobalSection(ExtensibilityGlobals) = postSolution
		SolutionGuid = {1100F094-C017-4540-82D2-73AD36E7CBEE}
	EndGlobalSection
EndGlobal
