
Microsoft Visual Studio Solution File, Format Version 12.00
# Visual Studio Version 17
VisualStudioVersion = 17.6.33815.320
MinimumVisualStudioVersion = 10.0.40219.1
Project("{FAE04EC0-301F-11D3-BF4B-00C04F79EFBC}") = "Mine Sweeper", "Mine Sweeper.csproj", "{9563FBE8-F1B4-4E75-BD1E-414F241D69FE}"
EndProject
Global
	GlobalSection(SolutionConfigurationPlatforms) = preSolution
		Debug|Any CPU = Debug|Any CPU
		Release|Any CPU = Release|Any CPU
	EndGlobalSection
	GlobalSection(ProjectConfigurationPlatforms) = postSolution
		{9563FBE8-F1B4-4E75-BD1E-414F241D69FE}.Debug|Any CPU.ActiveCfg = Debug|Any CPU
		{9563FBE8-F1B4-4E75-BD1E-414F241D69FE}.Debug|Any CPU.Build.0 = Debug|Any CPU
		{9563FBE8-F1B4-4E75-BD1E-414F241D69FE}.Release|Any CPU.ActiveCfg = Release|Any CPU
		{9563FBE8-F1B4-4E75-BD1E-414F241D69FE}.Release|Any CPU.Build.0 = Release|Any CPU
	EndGlobalSection
	GlobalSection(SolutionProperties) = preSolution
		HideSolutionNode = FALSE
	EndGlobalSection
	GlobalSection(ExtensibilityGlobals) = postSolution
		SolutionGuid = {CA7539CC-892F-4DB9-A947-EB890619E351}
	EndGlobalSection
EndGlobal
