
Microsoft Visual Studio Solution File, Format Version 12.00
# Visual Studio Version 17
VisualStudioVersion = 17.6.33815.320
MinimumVisualStudioVersion = 10.0.40219.1
Project("{FAE04EC0-301F-11D3-BF4B-00C04F79EFBC}") = "[Thực hành] Sử dụng lớp IndexOutOfRangeException", "[Thực hành] Sử dụng lớp IndexOutOfRangeException.csproj", "{10E56569-D4F2-4228-9144-DF39407CBCA3}"
EndProject
Global
	GlobalSection(SolutionConfigurationPlatforms) = preSolution
		Debug|Any CPU = Debug|Any CPU
		Release|Any CPU = Release|Any CPU
	EndGlobalSection
	GlobalSection(ProjectConfigurationPlatforms) = postSolution
		{10E56569-D4F2-4228-9144-DF39407CBCA3}.Debug|Any CPU.ActiveCfg = Debug|Any CPU
		{10E56569-D4F2-4228-9144-DF39407CBCA3}.Debug|Any CPU.Build.0 = Debug|Any CPU
		{10E56569-D4F2-4228-9144-DF39407CBCA3}.Release|Any CPU.ActiveCfg = Release|Any CPU
		{10E56569-D4F2-4228-9144-DF39407CBCA3}.Release|Any CPU.Build.0 = Release|Any CPU
	EndGlobalSection
	GlobalSection(SolutionProperties) = preSolution
		HideSolutionNode = FALSE
	EndGlobalSection
	GlobalSection(ExtensibilityGlobals) = postSolution
		SolutionGuid = {16BC9DDB-9E5C-4E96-B93E-CAE347FF4363}
	EndGlobalSection
EndGlobal
